
Microsoft Visual Studio Solution File, Format Version 12.00
# Visual Studio Version 16
VisualStudioVersion = 16.0.33214.272
MinimumVisualStudioVersion = 10.0.40219.1
Project("{FAE04EC0-301F-11D3-BF4B-00C04F79EFBC}") = "Mission9_waltona1", "Mission9_waltona1.csproj", "{0ED4D244-00DA-4FEB-8F41-4CCA3512B771}"
EndProject
Global
	GlobalSection(SolutionConfigurationPlatforms) = preSolution
		Debug|Any CPU = Debug|Any CPU
		Release|Any CPU = Release|Any CPU
	EndGlobalSection
	GlobalSection(ProjectConfigurationPlatforms) = postSolution
		{0ED4D244-00DA-4FEB-8F41-4CCA3512B771}.Debug|Any CPU.ActiveCfg = Debug|Any CPU
		{0ED4D244-00DA-4FEB-8F41-4CCA3512B771}.Debug|Any CPU.Build.0 = Debug|Any CPU
		{0ED4D244-00DA-4FEB-8F41-4CCA3512B771}.Release|Any CPU.ActiveCfg = Release|Any CPU
		{0ED4D244-00DA-4FEB-8F41-4CCA3512B771}.Release|Any CPU.Build.0 = Release|Any CPU
	EndGlobalSection
	GlobalSection(SolutionProperties) = preSolution
		HideSolutionNode = FALSE
	EndGlobalSection
	GlobalSection(ExtensibilityGlobals) = postSolution
		SolutionGuid = {01BAAE4C-A07D-45A7-B8B3-28B8D7BD7A02}
	EndGlobalSection
EndGlobal
